<?xml version="1.0" encoding="utf-8"?>
<Project ToolsVersion="4.0" xmlns="http://schemas.microsoft.com/developer/msbuild/2003">
  <ItemGroup>
    <Filter Include="src">
      <UniqueIdentifier>{5e04fc0a-89a3-4ee6-a902-653df04a762c}</UniqueIdentifier>
    </Filter>
    <Filter Include="src\pathtracer">
      <UniqueIdentifier>{f09d810b-bc31-4b60-baef-ef9a2ff5d138}</UniqueIdentifier>
    </Filter>
    <Filter Include="src\util">
      <UniqueIdentifier>{e5886afe-e8cb-4ba8-851d-7c32d5e448a4}</UniqueIdentifier>
    </Filter>
    <Filter Include="src\pathtracer\kernels">
      <UniqueIdentifier>{29be7fa3-6b49-489c-8750-6c3ea577f7d2}</UniqueIdentifier>
    </Filter>
  </ItemGroup>
  <ItemGroup>
    <ClCompile Include="src\glad.c">
      <Filter>src</Filter>
    </ClCompile>
    <ClCompile Include="src\main.cpp">
      <Filter>src</Filter>
    </ClCompile>
    <ClCompile Include="src\stb_image.cpp">
      <Filter>src</Filter>
    </ClCompile>
    <ClCompile Include="src\stb_image_write.cpp">
      <Filter>src</Filter>
    </ClCompile>
    <ClCompile Include="src\util\UserInput.cpp">
      <Filter>src\util</Filter>
    </ClCompile>
    <ClCompile Include="src\util\Window.cpp">
      <Filter>src\util</Filter>
    </ClCompile>
    <ClCompile Include="src\pathtracer\BVH.cpp">
      <Filter>src\pathtracer</Filter>
    </ClCompile>
    <ClCompile Include="src\pathtracer\Hittable.cpp">
      <Filter>src\pathtracer</Filter>
    </ClCompile>
    <ClCompile Include="src\pathtracer\Pathtracer.cpp">
      <Filter>src\pathtracer</Filter>
    </ClCompile>
  </ItemGroup>
  <ItemGroup>
    <ClInclude Include="src\stb_image.h">
      <Filter>src</Filter>
    </ClInclude>
    <ClInclude Include="src\stb_image_write.h">
      <Filter>src</Filter>
    </ClInclude>
    <ClInclude Include="src\util\IInputListener.h">
      <Filter>src\util</Filter>
    </ClInclude>
    <ClInclude Include="src\util\InputTokens.h">
      <Filter>src\util</Filter>
    </ClInclude>
    <ClInclude Include="src\util\UserInput.h">
      <Filter>src\util</Filter>
    </ClInclude>
    <ClInclude Include="src\util\Window.h">
      <Filter>src\util</Filter>
    </ClInclude>
    <ClInclude Include="src\pathtracer\AABB.h">
      <Filter>src\pathtracer</Filter>
    </ClInclude>
    <ClInclude Include="src\pathtracer\brdf.h">
      <Filter>src\pathtracer</Filter>
    </ClInclude>
    <ClInclude Include="src\pathtracer\BVH.h">
      <Filter>src\pathtracer</Filter>
    </ClInclude>
    <ClInclude Include="src\pathtracer\Camera.h">
      <Filter>src\pathtracer</Filter>
    </ClInclude>
    <ClInclude Include="src\pathtracer\HitRecord.h">
      <Filter>src\pathtracer</Filter>
    </ClInclude>
    <ClInclude Include="src\pathtracer\Hittable.h">
      <Filter>src\pathtracer</Filter>
    </ClInclude>
    <ClInclude Include="src\pathtracer\Material.h">
      <Filter>src\pathtracer</Filter>
    </ClInclude>
    <ClInclude Include="src\pathtracer\MonteCarlo.h">
      <Filter>src\pathtracer</Filter>
    </ClInclude>
    <ClInclude Include="src\pathtracer\Pathtracer.h">
      <Filter>src\pathtracer</Filter>
    </ClInclude>
    <ClInclude Include="src\pathtracer\Ray.h">
      <Filter>src\pathtracer</Filter>
    </ClInclude>
    <ClInclude Include="src\pathtracer\vec3.h">
      <Filter>src\pathtracer</Filter>
    </ClInclude>
    <ClInclude Include="src\pathtracer\kernels\initRandState.h">
      <Filter>src\pathtracer\kernels</Filter>
    </ClInclude>
    <ClInclude Include="src\pathtracer\kernels\tonemap.h">
      <Filter>src\pathtracer\kernels</Filter>
    </ClInclude>
    <ClInclude Include="src\pathtracer\kernels\trace.h">
      <Filter>src\pathtracer\kernels</Filter>
    </ClInclude>
  </ItemGroup>
  <ItemGroup>
    <None Include="src\pathtracer\Camera.inl">
      <Filter>src\pathtracer</Filter>
    </None>
    <None Include="src\pathtracer\Hittable.inl">
      <Filter>src\pathtracer</Filter>
    </None>
    <None Include="src\pathtracer\Material.inl">
      <Filter>src\pathtracer</Filter>
    </None>
    <None Include="src\pathtracer\vec3.inl">
      <Filter>src\pathtracer</Filter>
    </None>
  </ItemGroup>
  <ItemGroup>
    <CudaCompile Include="src\pathtracer\kernels\initRandState.cu">
      <Filter>src\pathtracer\kernels</Filter>
    </CudaCompile>
    <CudaCompile Include="src\pathtracer\kernels\tonemap.cu">
      <Filter>src\pathtracer\kernels</Filter>
    </CudaCompile>
    <CudaCompile Include="src\pathtracer\kernels\trace.cu">
      <Filter>src\pathtracer\kernels</Filter>
    </CudaCompile>
  </ItemGroup>
</Project>